// !$*UTF8*$!
{
	archiveVersion = 1;
	classes = {
	};
	objectVersion = 51;
	objects = {

/* Begin PBXBuildFile section */
		49A5BB782CEFFAF6A75744A4 /* Pods_Ervas_ErvasUITests.framework in Frameworks */ = {isa = PBXBuildFile; fileRef = 5F1672ABD0F39EEC578C9AC5 /* Pods_Ervas_ErvasUITests.framework */; };
		55045B8D24A9533400715FB2 /* DisplayHerbViewController.swift in Sources */ = {isa = PBXBuildFile; fileRef = 55045B8C24A9533400715FB2 /* DisplayHerbViewController.swift */; };
		55045B8F24A9707000715FB2 /* MoreInfoViewController.swift in Sources */ = {isa = PBXBuildFile; fileRef = 55045B8E24A9707000715FB2 /* MoreInfoViewController.swift */; };
		55045B9124A9865100715FB2 /* CustomCell.swift in Sources */ = {isa = PBXBuildFile; fileRef = 55045B9024A9865100715FB2 /* CustomCell.swift */; };
		552FDB9924ABED100032FCF5 /* AddViewController.swift in Sources */ = {isa = PBXBuildFile; fileRef = 552FDB9824ABED100032FCF5 /* AddViewController.swift */; };
		557B20B424AA1F92006F0A30 /* Colors.swift in Sources */ = {isa = PBXBuildFile; fileRef = 557B20B324AA1F92006F0A30 /* Colors.swift */; };
		557B20B624AA56D5006F0A30 /* logo + nome.png in Resources */ = {isa = PBXBuildFile; fileRef = 557B20B524AA56D5006F0A30 /* logo + nome.png */; };
		558D085C24A94C080052C1EB /* AppDelegate.swift in Sources */ = {isa = PBXBuildFile; fileRef = 558D085B24A94C080052C1EB /* AppDelegate.swift */; };
		558D085E24A94C080052C1EB /* SceneDelegate.swift in Sources */ = {isa = PBXBuildFile; fileRef = 558D085D24A94C080052C1EB /* SceneDelegate.swift */; };
		558D086024A94C080052C1EB /* MainViewController.swift in Sources */ = {isa = PBXBuildFile; fileRef = 558D085F24A94C080052C1EB /* MainViewController.swift */; };
		558D086324A94C080052C1EB /* Main.storyboard in Resources */ = {isa = PBXBuildFile; fileRef = 558D086124A94C080052C1EB /* Main.storyboard */; };
		558D086624A94C080052C1EB /* Ervas.xcdatamodeld in Sources */ = {isa = PBXBuildFile; fileRef = 558D086424A94C080052C1EB /* Ervas.xcdatamodeld */; };
		558D086824A94C090052C1EB /* Assets.xcassets in Resources */ = {isa = PBXBuildFile; fileRef = 558D086724A94C090052C1EB /* Assets.xcassets */; };
		558D086B24A94C090052C1EB /* LaunchScreen.storyboard in Resources */ = {isa = PBXBuildFile; fileRef = 558D086924A94C090052C1EB /* LaunchScreen.storyboard */; };
		558D087624A94C090052C1EB /* ErvasTests.swift in Sources */ = {isa = PBXBuildFile; fileRef = 558D087524A94C090052C1EB /* ErvasTests.swift */; };
		558D088124A94C0A0052C1EB /* ErvasUITests.swift in Sources */ = {isa = PBXBuildFile; fileRef = 558D088024A94C0A0052C1EB /* ErvasUITests.swift */; };
		558D088F24A94D950052C1EB /* Erva.swift in Sources */ = {isa = PBXBuildFile; fileRef = 558D088E24A94D950052C1EB /* Erva.swift */; };
		558D089124A94EDF0052C1EB /* ErvasList.swift in Sources */ = {isa = PBXBuildFile; fileRef = 558D089024A94EDF0052C1EB /* ErvasList.swift */; };
		559004A724AD1170008A3DD7 /* Extensions.swift in Sources */ = {isa = PBXBuildFile; fileRef = 559004A624AD1170008A3DD7 /* Extensions.swift */; };
		55D56B9F24AB589C0025FCA3 /* GoogleService-Info.plist in Resources */ = {isa = PBXBuildFile; fileRef = 55D56B9E24AB589C0025FCA3 /* GoogleService-Info.plist */; };
		C21501364413CF2C3E5FAF44 /* Pods_ErvasTests.framework in Frameworks */ = {isa = PBXBuildFile; fileRef = C1B55BEFE625F5DDBE304B49 /* Pods_ErvasTests.framework */; };
		CFBC0A6F10E4FD640C21AF48 /* Pods_Ervas.framework in Frameworks */ = {isa = PBXBuildFile; fileRef = AC8659CA4978E83D78AF125E /* Pods_Ervas.framework */; };
/* End PBXBuildFile section */

/* Begin PBXContainerItemProxy section */
		558D087224A94C090052C1EB /* PBXContainerItemProxy */ = {
			isa = PBXContainerItemProxy;
			containerPortal = 558D085024A94C080052C1EB /* Project object */;
			proxyType = 1;
			remoteGlobalIDString = 558D085724A94C080052C1EB;
			remoteInfo = Ervas;
		};
		558D087D24A94C0A0052C1EB /* PBXContainerItemProxy */ = {
			isa = PBXContainerItemProxy;
			containerPortal = 558D085024A94C080052C1EB /* Project object */;
			proxyType = 1;
			remoteGlobalIDString = 558D085724A94C080052C1EB;
			remoteInfo = Ervas;
		};
/* End PBXContainerItemProxy section */

/* Begin PBXFileReference section */
		1EDBF0AC8CBDBC23BF77B5DA /* Pods-Ervas-ErvasUITests.debug.xcconfig */ = {isa = PBXFileReference; includeInIndex = 1; lastKnownFileType = text.xcconfig; name = "Pods-Ervas-ErvasUITests.debug.xcconfig"; path = "Target Support Files/Pods-Ervas-ErvasUITests/Pods-Ervas-ErvasUITests.debug.xcconfig"; sourceTree = "<group>"; };
		3747FD4ABA0FDFCB982510EA /* Pods-Ervas-ErvasUITests.release.xcconfig */ = {isa = PBXFileReference; includeInIndex = 1; lastKnownFileType = text.xcconfig; name = "Pods-Ervas-ErvasUITests.release.xcconfig"; path = "Target Support Files/Pods-Ervas-ErvasUITests/Pods-Ervas-ErvasUITests.release.xcconfig"; sourceTree = "<group>"; };
		4514F5F72F406E137C89A216 /* Pods-ErvasTests.debug.xcconfig */ = {isa = PBXFileReference; includeInIndex = 1; lastKnownFileType = text.xcconfig; name = "Pods-ErvasTests.debug.xcconfig"; path = "Target Support Files/Pods-ErvasTests/Pods-ErvasTests.debug.xcconfig"; sourceTree = "<group>"; };
		55045B8C24A9533400715FB2 /* DisplayHerbViewController.swift */ = {isa = PBXFileReference; lastKnownFileType = sourcecode.swift; path = DisplayHerbViewController.swift; sourceTree = "<group>"; };
		55045B8E24A9707000715FB2 /* MoreInfoViewController.swift */ = {isa = PBXFileReference; lastKnownFileType = sourcecode.swift; path = MoreInfoViewController.swift; sourceTree = "<group>"; };
		55045B9024A9865100715FB2 /* CustomCell.swift */ = {isa = PBXFileReference; lastKnownFileType = sourcecode.swift; path = CustomCell.swift; sourceTree = "<group>"; };
		552FDB9824ABED100032FCF5 /* AddViewController.swift */ = {isa = PBXFileReference; lastKnownFileType = sourcecode.swift; path = AddViewController.swift; sourceTree = "<group>"; };
		557B20B324AA1F92006F0A30 /* Colors.swift */ = {isa = PBXFileReference; lastKnownFileType = sourcecode.swift; path = Colors.swift; sourceTree = "<group>"; };
		557B20B524AA56D5006F0A30 /* logo + nome.png */ = {isa = PBXFileReference; lastKnownFileType = image.png; name = "logo + nome.png"; path = "../../images/logo + nome.png"; sourceTree = "<group>"; };
		558D085824A94C080052C1EB /* Ervas.app */ = {isa = PBXFileReference; explicitFileType = wrapper.application; includeInIndex = 0; path = Ervas.app; sourceTree = BUILT_PRODUCTS_DIR; };
		558D085B24A94C080052C1EB /* AppDelegate.swift */ = {isa = PBXFileReference; lastKnownFileType = sourcecode.swift; path = AppDelegate.swift; sourceTree = "<group>"; };
		558D085D24A94C080052C1EB /* SceneDelegate.swift */ = {isa = PBXFileReference; lastKnownFileType = sourcecode.swift; path = SceneDelegate.swift; sourceTree = "<group>"; };
		558D085F24A94C080052C1EB /* MainViewController.swift */ = {isa = PBXFileReference; lastKnownFileType = sourcecode.swift; path = MainViewController.swift; sourceTree = "<group>"; };
		558D086224A94C080052C1EB /* Base */ = {isa = PBXFileReference; lastKnownFileType = file.storyboard; name = Base; path = Base.lproj/Main.storyboard; sourceTree = "<group>"; };
		558D086524A94C080052C1EB /* Ervas.xcdatamodel */ = {isa = PBXFileReference; lastKnownFileType = wrapper.xcdatamodel; path = Ervas.xcdatamodel; sourceTree = "<group>"; };
		558D086724A94C090052C1EB /* Assets.xcassets */ = {isa = PBXFileReference; lastKnownFileType = folder.assetcatalog; path = Assets.xcassets; sourceTree = "<group>"; };
		558D086A24A94C090052C1EB /* Base */ = {isa = PBXFileReference; lastKnownFileType = file.storyboard; name = Base; path = Base.lproj/LaunchScreen.storyboard; sourceTree = "<group>"; };
		558D086C24A94C090052C1EB /* Info.plist */ = {isa = PBXFileReference; lastKnownFileType = text.plist.xml; path = Info.plist; sourceTree = "<group>"; };
		558D087124A94C090052C1EB /* ErvasTests.xctest */ = {isa = PBXFileReference; explicitFileType = wrapper.cfbundle; includeInIndex = 0; path = ErvasTests.xctest; sourceTree = BUILT_PRODUCTS_DIR; };
		558D087524A94C090052C1EB /* ErvasTests.swift */ = {isa = PBXFileReference; lastKnownFileType = sourcecode.swift; path = ErvasTests.swift; sourceTree = "<group>"; };
		558D087724A94C090052C1EB /* Info.plist */ = {isa = PBXFileReference; lastKnownFileType = text.plist.xml; path = Info.plist; sourceTree = "<group>"; };
		558D087C24A94C0A0052C1EB /* ErvasUITests.xctest */ = {isa = PBXFileReference; explicitFileType = wrapper.cfbundle; includeInIndex = 0; path = ErvasUITests.xctest; sourceTree = BUILT_PRODUCTS_DIR; };
		558D088024A94C0A0052C1EB /* ErvasUITests.swift */ = {isa = PBXFileReference; lastKnownFileType = sourcecode.swift; path = ErvasUITests.swift; sourceTree = "<group>"; };
		558D088224A94C0A0052C1EB /* Info.plist */ = {isa = PBXFileReference; lastKnownFileType = text.plist.xml; path = Info.plist; sourceTree = "<group>"; };
		558D088E24A94D950052C1EB /* Erva.swift */ = {isa = PBXFileReference; lastKnownFileType = sourcecode.swift; path = Erva.swift; sourceTree = "<group>"; };
		558D089024A94EDF0052C1EB /* ErvasList.swift */ = {isa = PBXFileReference; lastKnownFileType = sourcecode.swift; path = ErvasList.swift; sourceTree = "<group>"; };
		559004A624AD1170008A3DD7 /* Extensions.swift */ = {isa = PBXFileReference; lastKnownFileType = sourcecode.swift; path = Extensions.swift; sourceTree = "<group>"; };
		55D56B9E24AB589C0025FCA3 /* GoogleService-Info.plist */ = {isa = PBXFileReference; fileEncoding = 4; lastKnownFileType = text.plist.xml; path = "GoogleService-Info.plist"; sourceTree = "<group>"; };
		55E3DC1624AB7744007DDE76 /* logo + nome.png */ = {isa = PBXFileReference; lastKnownFileType = image.png; path = "logo + nome.png"; sourceTree = "<group>"; };
		5F1672ABD0F39EEC578C9AC5 /* Pods_Ervas_ErvasUITests.framework */ = {isa = PBXFileReference; explicitFileType = wrapper.framework; includeInIndex = 0; path = Pods_Ervas_ErvasUITests.framework; sourceTree = BUILT_PRODUCTS_DIR; };
		5FCD0A41F1A9176A3B96453E /* Pods-ErvasTests.release.xcconfig */ = {isa = PBXFileReference; includeInIndex = 1; lastKnownFileType = text.xcconfig; name = "Pods-ErvasTests.release.xcconfig"; path = "Target Support Files/Pods-ErvasTests/Pods-ErvasTests.release.xcconfig"; sourceTree = "<group>"; };
		6CABA1DAC56B57F90BA1B98B /* Pods-Ervas.release.xcconfig */ = {isa = PBXFileReference; includeInIndex = 1; lastKnownFileType = text.xcconfig; name = "Pods-Ervas.release.xcconfig"; path = "Target Support Files/Pods-Ervas/Pods-Ervas.release.xcconfig"; sourceTree = "<group>"; };
		8C2B27E4D1C888184CA0C20A /* Pods-Ervas.debug.xcconfig */ = {isa = PBXFileReference; includeInIndex = 1; lastKnownFileType = text.xcconfig; name = "Pods-Ervas.debug.xcconfig"; path = "Target Support Files/Pods-Ervas/Pods-Ervas.debug.xcconfig"; sourceTree = "<group>"; };
		AC8659CA4978E83D78AF125E /* Pods_Ervas.framework */ = {isa = PBXFileReference; explicitFileType = wrapper.framework; includeInIndex = 0; path = Pods_Ervas.framework; sourceTree = BUILT_PRODUCTS_DIR; };
		C1B55BEFE625F5DDBE304B49 /* Pods_ErvasTests.framework */ = {isa = PBXFileReference; explicitFileType = wrapper.framework; includeInIndex = 0; path = Pods_ErvasTests.framework; sourceTree = BUILT_PRODUCTS_DIR; };
/* End PBXFileReference section */

/* Begin PBXFrameworksBuildPhase section */
		558D085524A94C080052C1EB /* Frameworks */ = {
			isa = PBXFrameworksBuildPhase;
			buildActionMask = 2147483647;
			files = (
				CFBC0A6F10E4FD640C21AF48 /* Pods_Ervas.framework in Frameworks */,
			);
			runOnlyForDeploymentPostprocessing = 0;
		};
		558D086E24A94C090052C1EB /* Frameworks */ = {
			isa = PBXFrameworksBuildPhase;
			buildActionMask = 2147483647;
			files = (
				C21501364413CF2C3E5FAF44 /* Pods_ErvasTests.framework in Frameworks */,
			);
			runOnlyForDeploymentPostprocessing = 0;
		};
		558D087924A94C0A0052C1EB /* Frameworks */ = {
			isa = PBXFrameworksBuildPhase;
			buildActionMask = 2147483647;
			files = (
				49A5BB782CEFFAF6A75744A4 /* Pods_Ervas_ErvasUITests.framework in Frameworks */,
			);
			runOnlyForDeploymentPostprocessing = 0;
		};
/* End PBXFrameworksBuildPhase section */

/* Begin PBXGroup section */
		557B20AC24AA11E9006F0A30 /* ViewControllers */ = {
			isa = PBXGroup;
			children = (
				558D085F24A94C080052C1EB /* MainViewController.swift */,
				55045B8C24A9533400715FB2 /* DisplayHerbViewController.swift */,
				55045B8E24A9707000715FB2 /* MoreInfoViewController.swift */,
				552FDB9824ABED100032FCF5 /* AddViewController.swift */,
				559004A624AD1170008A3DD7 /* Extensions.swift */,
			);
			path = ViewControllers;
			sourceTree = "<group>";
		};
		557B20AD24AA11F4006F0A30 /* Model */ = {
			isa = PBXGroup;
			children = (
				558D088E24A94D950052C1EB /* Erva.swift */,
				558D089024A94EDF0052C1EB /* ErvasList.swift */,
			);
			path = Model;
			sourceTree = "<group>";
		};
		557B20AE24AA11FE006F0A30 /* View */ = {
			isa = PBXGroup;
			children = (
				558D086124A94C080052C1EB /* Main.storyboard */,
				558D086924A94C090052C1EB /* LaunchScreen.storyboard */,
				557B20B324AA1F92006F0A30 /* Colors.swift */,
				55045B9024A9865100715FB2 /* CustomCell.swift */,
				55E3DC1624AB7744007DDE76 /* logo + nome.png */,
			);
			path = View;
			sourceTree = "<group>";
		};
		558D084F24A94C080052C1EB = {
			isa = PBXGroup;
			children = (
				558D085A24A94C080052C1EB /* Ervas */,
				558D087424A94C090052C1EB /* ErvasTests */,
				558D087F24A94C0A0052C1EB /* ErvasUITests */,
				558D085924A94C080052C1EB /* Products */,
				A50EC987A9BF47C95484CAC1 /* Pods */,
				E220106B57FB8338EF4C45E0 /* Frameworks */,
			);
			sourceTree = "<group>";
		};
		558D085924A94C080052C1EB /* Products */ = {
			isa = PBXGroup;
			children = (
				558D085824A94C080052C1EB /* Ervas.app */,
				558D087124A94C090052C1EB /* ErvasTests.xctest */,
				558D087C24A94C0A0052C1EB /* ErvasUITests.xctest */,
			);
			name = Products;
			sourceTree = "<group>";
		};
		558D085A24A94C080052C1EB /* Ervas */ = {
			isa = PBXGroup;
			children = (
				558D085B24A94C080052C1EB /* AppDelegate.swift */,
				558D085D24A94C080052C1EB /* SceneDelegate.swift */,
				557B20B524AA56D5006F0A30 /* logo + nome.png */,
				557B20AC24AA11E9006F0A30 /* ViewControllers */,
				557B20AE24AA11FE006F0A30 /* View */,
				557B20AD24AA11F4006F0A30 /* Model */,
				558D086724A94C090052C1EB /* Assets.xcassets */,
				558D086C24A94C090052C1EB /* Info.plist */,
				55D56B9E24AB589C0025FCA3 /* GoogleService-Info.plist */,
				558D086424A94C080052C1EB /* Ervas.xcdatamodeld */,
			);
			path = Ervas;
			sourceTree = "<group>";
		};
		558D087424A94C090052C1EB /* ErvasTests */ = {
			isa = PBXGroup;
			children = (
				558D087524A94C090052C1EB /* ErvasTests.swift */,
				558D087724A94C090052C1EB /* Info.plist */,
			);
			path = ErvasTests;
			sourceTree = "<group>";
		};
		558D087F24A94C0A0052C1EB /* ErvasUITests */ = {
			isa = PBXGroup;
			children = (
				558D088024A94C0A0052C1EB /* ErvasUITests.swift */,
				558D088224A94C0A0052C1EB /* Info.plist */,
			);
			path = ErvasUITests;
			sourceTree = "<group>";
		};
		A50EC987A9BF47C95484CAC1 /* Pods */ = {
			isa = PBXGroup;
			children = (
				8C2B27E4D1C888184CA0C20A /* Pods-Ervas.debug.xcconfig */,
				6CABA1DAC56B57F90BA1B98B /* Pods-Ervas.release.xcconfig */,
				1EDBF0AC8CBDBC23BF77B5DA /* Pods-Ervas-ErvasUITests.debug.xcconfig */,
				3747FD4ABA0FDFCB982510EA /* Pods-Ervas-ErvasUITests.release.xcconfig */,
				4514F5F72F406E137C89A216 /* Pods-ErvasTests.debug.xcconfig */,
				5FCD0A41F1A9176A3B96453E /* Pods-ErvasTests.release.xcconfig */,
			);
			path = Pods;
			sourceTree = "<group>";
		};
		E220106B57FB8338EF4C45E0 /* Frameworks */ = {
			isa = PBXGroup;
			children = (
				AC8659CA4978E83D78AF125E /* Pods_Ervas.framework */,
				5F1672ABD0F39EEC578C9AC5 /* Pods_Ervas_ErvasUITests.framework */,
				C1B55BEFE625F5DDBE304B49 /* Pods_ErvasTests.framework */,
			);
			name = Frameworks;
			sourceTree = "<group>";
		};
/* End PBXGroup section */

/* Begin PBXNativeTarget section */
		558D085724A94C080052C1EB /* Ervas */ = {
			isa = PBXNativeTarget;
			buildConfigurationList = 558D088524A94C0A0052C1EB /* Build configuration list for PBXNativeTarget "Ervas" */;
			buildPhases = (
				A8B8C3EAA0F6B6D52C6FD42D /* [CP] Check Pods Manifest.lock */,
				558D085424A94C080052C1EB /* Sources */,
				558D085524A94C080052C1EB /* Frameworks */,
				558D085624A94C080052C1EB /* Resources */,
				A1AF83BB7F623437A9614E0E /* [CP] Embed Pods Frameworks */,
			);
			buildRules = (
			);
			dependencies = (
			);
			name = Ervas;
			productName = Ervas;
			productReference = 558D085824A94C080052C1EB /* Ervas.app */;
			productType = "com.apple.product-type.application";
		};
		558D087024A94C090052C1EB /* ErvasTests */ = {
			isa = PBXNativeTarget;
			buildConfigurationList = 558D088824A94C0A0052C1EB /* Build configuration list for PBXNativeTarget "ErvasTests" */;
			buildPhases = (
				D34FB917E43B6F25D4D272C9 /* [CP] Check Pods Manifest.lock */,
				558D086D24A94C090052C1EB /* Sources */,
				558D086E24A94C090052C1EB /* Frameworks */,
				558D086F24A94C090052C1EB /* Resources */,
			);
			buildRules = (
			);
			dependencies = (
				558D087324A94C090052C1EB /* PBXTargetDependency */,
			);
			name = ErvasTests;
			productName = ErvasTests;
			productReference = 558D087124A94C090052C1EB /* ErvasTests.xctest */;
			productType = "com.apple.product-type.bundle.unit-test";
		};
		558D087B24A94C0A0052C1EB /* ErvasUITests */ = {
			isa = PBXNativeTarget;
			buildConfigurationList = 558D088B24A94C0A0052C1EB /* Build configuration list for PBXNativeTarget "ErvasUITests" */;
			buildPhases = (
				1CBBA76DF7710F084BC0472C /* [CP] Check Pods Manifest.lock */,
				558D087824A94C0A0052C1EB /* Sources */,
				558D087924A94C0A0052C1EB /* Frameworks */,
				558D087A24A94C0A0052C1EB /* Resources */,
				91F5C63C000CA0A2106FC6F2 /* [CP] Embed Pods Frameworks */,
			);
			buildRules = (
			);
			dependencies = (
				558D087E24A94C0A0052C1EB /* PBXTargetDependency */,
			);
			name = ErvasUITests;
			productName = ErvasUITests;
			productReference = 558D087C24A94C0A0052C1EB /* ErvasUITests.xctest */;
			productType = "com.apple.product-type.bundle.ui-testing";
		};
/* End PBXNativeTarget section */

/* Begin PBXProject section */
		558D085024A94C080052C1EB /* Project object */ = {
			isa = PBXProject;
			attributes = {
				LastSwiftUpdateCheck = 1150;
				LastUpgradeCheck = 1150;
				ORGANIZATIONNAME = "Fernando Augusto de Marins";
				TargetAttributes = {
					558D085724A94C080052C1EB = {
						CreatedOnToolsVersion = 11.5;
					};
					558D087024A94C090052C1EB = {
						CreatedOnToolsVersion = 11.5;
						TestTargetID = 558D085724A94C080052C1EB;
					};
					558D087B24A94C0A0052C1EB = {
						CreatedOnToolsVersion = 11.5;
						TestTargetID = 558D085724A94C080052C1EB;
					};
				};
			};
			buildConfigurationList = 558D085324A94C080052C1EB /* Build configuration list for PBXProject "Ervas" */;
			compatibilityVersion = "Xcode 9.3";
			developmentRegion = en;
			hasScannedForEncodings = 0;
			knownRegions = (
				en,
				Base,
			);
			mainGroup = 558D084F24A94C080052C1EB;
			productRefGroup = 558D085924A94C080052C1EB /* Products */;
			projectDirPath = "";
			projectRoot = "";
			targets = (
				558D085724A94C080052C1EB /* Ervas */,
				558D087024A94C090052C1EB /* ErvasTests */,
				558D087B24A94C0A0052C1EB /* ErvasUITests */,
			);
		};
/* End PBXProject section */

/* Begin PBXResourcesBuildPhase section */
		558D085624A94C080052C1EB /* Resources */ = {
			isa = PBXResourcesBuildPhase;
			buildActionMask = 2147483647;
			files = (
				558D086B24A94C090052C1EB /* LaunchScreen.storyboard in Resources */,
				557B20B624AA56D5006F0A30 /* logo + nome.png in Resources */,
				55D56B9F24AB589C0025FCA3 /* GoogleService-Info.plist in Resources */,
				558D086824A94C090052C1EB /* Assets.xcassets in Resources */,
				558D086324A94C080052C1EB /* Main.storyboard in Resources */,
			);
			runOnlyForDeploymentPostprocessing = 0;
		};
		558D086F24A94C090052C1EB /* Resources */ = {
			isa = PBXResourcesBuildPhase;
			buildActionMask = 2147483647;
			files = (
			);
			runOnlyForDeploymentPostprocessing = 0;
		};
		558D087A24A94C0A0052C1EB /* Resources */ = {
			isa = PBXResourcesBuildPhase;
			buildActionMask = 2147483647;
			files = (
			);
			runOnlyForDeploymentPostprocessing = 0;
		};
/* End PBXResourcesBuildPhase section */

/* Begin PBXShellScriptBuildPhase section */
		1CBBA76DF7710F084BC0472C /* [CP] Check Pods Manifest.lock */ = {
			isa = PBXShellScriptBuildPhase;
			buildActionMask = 2147483647;
			files = (
			);
			inputFileListPaths = (
			);
			inputPaths = (
				"${PODS_PODFILE_DIR_PATH}/Podfile.lock",
				"${PODS_ROOT}/Manifest.lock",
			);
			name = "[CP] Check Pods Manifest.lock";
			outputFileListPaths = (
			);
			outputPaths = (
				"$(DERIVED_FILE_DIR)/Pods-Ervas-ErvasUITests-checkManifestLockResult.txt",
			);
			runOnlyForDeploymentPostprocessing = 0;
			shellPath = /bin/sh;
			shellScript = "diff \"${PODS_PODFILE_DIR_PATH}/Podfile.lock\" \"${PODS_ROOT}/Manifest.lock\" > /dev/null\nif [ $? != 0 ] ; then\n    # print error to STDERR\n    echo \"error: The sandbox is not in sync with the Podfile.lock. Run 'pod install' or update your CocoaPods installation.\" >&2\n    exit 1\nfi\n# This output is used by Xcode 'outputs' to avoid re-running this script phase.\necho \"SUCCESS\" > \"${SCRIPT_OUTPUT_FILE_0}\"\n";
			showEnvVarsInLog = 0;
		};
		91F5C63C000CA0A2106FC6F2 /* [CP] Embed Pods Frameworks */ = {
			isa = PBXShellScriptBuildPhase;
			buildActionMask = 2147483647;
			files = (
			);
			inputFileListPaths = (
				"${PODS_ROOT}/Target Support Files/Pods-Ervas-ErvasUITests/Pods-Ervas-ErvasUITests-frameworks-${CONFIGURATION}-input-files.xcfilelist",
			);
			name = "[CP] Embed Pods Frameworks";
			outputFileListPaths = (
				"${PODS_ROOT}/Target Support Files/Pods-Ervas-ErvasUITests/Pods-Ervas-ErvasUITests-frameworks-${CONFIGURATION}-output-files.xcfilelist",
			);
			runOnlyForDeploymentPostprocessing = 0;
			shellPath = /bin/sh;
			shellScript = "\"${PODS_ROOT}/Target Support Files/Pods-Ervas-ErvasUITests/Pods-Ervas-ErvasUITests-frameworks.sh\"\n";
			showEnvVarsInLog = 0;
		};
		A1AF83BB7F623437A9614E0E /* [CP] Embed Pods Frameworks */ = {
			isa = PBXShellScriptBuildPhase;
			buildActionMask = 2147483647;
			files = (
			);
			inputFileListPaths = (
				"${PODS_ROOT}/Target Support Files/Pods-Ervas/Pods-Ervas-frameworks-${CONFIGURATION}-input-files.xcfilelist",
			);
			name = "[CP] Embed Pods Frameworks";
			outputFileListPaths = (
				"${PODS_ROOT}/Target Support Files/Pods-Ervas/Pods-Ervas-frameworks-${CONFIGURATION}-output-files.xcfilelist",
			);
			runOnlyForDeploymentPostprocessing = 0;
			shellPath = /bin/sh;
			shellScript = "\"${PODS_ROOT}/Target Support Files/Pods-Ervas/Pods-Ervas-frameworks.sh\"\n";
			showEnvVarsInLog = 0;
		};
		A8B8C3EAA0F6B6D52C6FD42D /* [CP] Check Pods Manifest.lock */ = {
			isa = PBXShellScriptBuildPhase;
			buildActionMask = 2147483647;
			files = (
			);
			inputFileListPaths = (
			);
			inputPaths = (
				"${PODS_PODFILE_DIR_PATH}/Podfile.lock",
				"${PODS_ROOT}/Manifest.lock",
			);
			name = "[CP] Check Pods Manifest.lock";
			outputFileListPaths = (
			);
			outputPaths = (
				"$(DERIVED_FILE_DIR)/Pods-Ervas-checkManifestLockResult.txt",
			);
			runOnlyForDeploymentPostprocessing = 0;
			shellPath = /bin/sh;
			shellScript = "diff \"${PODS_PODFILE_DIR_PATH}/Podfile.lock\" \"${PODS_ROOT}/Manifest.lock\" > /dev/null\nif [ $? != 0 ] ; then\n    # print error to STDERR\n    echo \"error: The sandbox is not in sync with the Podfile.lock. Run 'pod install' or update your CocoaPods installation.\" >&2\n    exit 1\nfi\n# This output is used by Xcode 'outputs' to avoid re-running this script phase.\necho \"SUCCESS\" > \"${SCRIPT_OUTPUT_FILE_0}\"\n";
			showEnvVarsInLog = 0;
		};
		D34FB917E43B6F25D4D272C9 /* [CP] Check Pods Manifest.lock */ = {
			isa = PBXShellScriptBuildPhase;
			buildActionMask = 2147483647;
			files = (
			);
			inputFileListPaths = (
			);
			inputPaths = (
				"${PODS_PODFILE_DIR_PATH}/Podfile.lock",
				"${PODS_ROOT}/Manifest.lock",
			);
			name = "[CP] Check Pods Manifest.lock";
			outputFileListPaths = (
			);
			outputPaths = (
				"$(DERIVED_FILE_DIR)/Pods-ErvasTests-checkManifestLockResult.txt",
			);
			runOnlyForDeploymentPostprocessing = 0;
			shellPath = /bin/sh;
			shellScript = "diff \"${PODS_PODFILE_DIR_PATH}/Podfile.lock\" \"${PODS_ROOT}/Manifest.lock\" > /dev/null\nif [ $? != 0 ] ; then\n    # print error to STDERR\n    echo \"error: The sandbox is not in sync with the Podfile.lock. Run 'pod install' or update your CocoaPods installation.\" >&2\n    exit 1\nfi\n# This output is used by Xcode 'outputs' to avoid re-running this script phase.\necho \"SUCCESS\" > \"${SCRIPT_OUTPUT_FILE_0}\"\n";
			showEnvVarsInLog = 0;
		};
/* End PBXShellScriptBuildPhase section */

/* Begin PBXSourcesBuildPhase section */
		558D085424A94C080052C1EB /* Sources */ = {
			isa = PBXSourcesBuildPhase;
			buildActionMask = 2147483647;
			files = (
				558D088F24A94D950052C1EB /* Erva.swift in Sources */,
				559004A724AD1170008A3DD7 /* Extensions.swift in Sources */,
				557B20B424AA1F92006F0A30 /* Colors.swift in Sources */,
				558D086024A94C080052C1EB /* MainViewController.swift in Sources */,
				552FDB9924ABED100032FCF5 /* AddViewController.swift in Sources */,
				55045B8D24A9533400715FB2 /* DisplayHerbViewController.swift in Sources */,
				558D085C24A94C080052C1EB /* AppDelegate.swift in Sources */,
				55045B9124A9865100715FB2 /* CustomCell.swift in Sources */,
				558D085E24A94C080052C1EB /* SceneDelegate.swift in Sources */,
				55045B8F24A9707000715FB2 /* MoreInfoViewController.swift in Sources */,
				558D086624A94C080052C1EB /* Ervas.xcdatamodeld in Sources */,
				558D089124A94EDF0052C1EB /* ErvasList.swift in Sources */,
			);
			runOnlyForDeploymentPostprocessing = 0;
		};
		558D086D24A94C090052C1EB /* Sources */ = {
			isa = PBXSourcesBuildPhase;
			buildActionMask = 2147483647;
			files = (
				558D087624A94C090052C1EB /* ErvasTests.swift in Sources */,
			);
			runOnlyForDeploymentPostprocessing = 0;
		};
		558D087824A94C0A0052C1EB /* Sources */ = {
			isa = PBXSourcesBuildPhase;
			buildActionMask = 2147483647;
			files = (
				558D088124A94C0A0052C1EB /* ErvasUITests.swift in Sources */,
			);
			runOnlyForDeploymentPostprocessing = 0;
		};
/* End PBXSourcesBuildPhase section */

/* Begin PBXTargetDependency section */
		558D087324A94C090052C1EB /* PBXTargetDependency */ = {
			isa = PBXTargetDependency;
			target = 558D085724A94C080052C1EB /* Ervas */;
			targetProxy = 558D087224A94C090052C1EB /* PBXContainerItemProxy */;
		};
		558D087E24A94C0A0052C1EB /* PBXTargetDependency */ = {
			isa = PBXTargetDependency;
			target = 558D085724A94C080052C1EB /* Ervas */;
			targetProxy = 558D087D24A94C0A0052C1EB /* PBXContainerItemProxy */;
		};
/* End PBXTargetDependency section */

/* Begin PBXVariantGroup section */
		558D086124A94C080052C1EB /* Main.storyboard */ = {
			isa = PBXVariantGroup;
			children = (
				558D086224A94C080052C1EB /* Base */,
			);
			name = Main.storyboard;
			sourceTree = "<group>";
		};
		558D086924A94C090052C1EB /* LaunchScreen.storyboard */ = {
			isa = PBXVariantGroup;
			children = (
				558D086A24A94C090052C1EB /* Base */,
			);
			name = LaunchScreen.storyboard;
			sourceTree = "<group>";
		};
/* End PBXVariantGroup section */

/* Begin XCBuildConfiguration section */
		558D088324A94C0A0052C1EB /* Debug */ = {
			isa = XCBuildConfiguration;
			buildSettings = {
				ALWAYS_SEARCH_USER_PATHS = NO;
				CLANG_ANALYZER_NONNULL = YES;
				CLANG_ANALYZER_NUMBER_OBJECT_CONVERSION = YES_AGGRESSIVE;
				CLANG_CXX_LANGUAGE_STANDARD = "gnu++14";
				CLANG_CXX_LIBRARY = "libc++";
				CLANG_ENABLE_MODULES = YES;
				CLANG_ENABLE_OBJC_ARC = YES;
				CLANG_ENABLE_OBJC_WEAK = YES;
				CLANG_WARN_BLOCK_CAPTURE_AUTORELEASING = YES;
				CLANG_WARN_BOOL_CONVERSION = YES;
				CLANG_WARN_COMMA = YES;
				CLANG_WARN_CONSTANT_CONVERSION = YES;
				CLANG_WARN_DEPRECATED_OBJC_IMPLEMENTATIONS = YES;
				CLANG_WARN_DIRECT_OBJC_ISA_USAGE = YES_ERROR;
				CLANG_WARN_DOCUMENTATION_COMMENTS = YES;
				CLANG_WARN_EMPTY_BODY = YES;
				CLANG_WARN_ENUM_CONVERSION = YES;
				CLANG_WARN_INFINITE_RECURSION = YES;
				CLANG_WARN_INT_CONVERSION = YES;
				CLANG_WARN_NON_LITERAL_NULL_CONVERSION = YES;
				CLANG_WARN_OBJC_IMPLICIT_RETAIN_SELF = YES;
				CLANG_WARN_OBJC_LITERAL_CONVERSION = YES;
				CLANG_WARN_OBJC_ROOT_CLASS = YES_ERROR;
				CLANG_WARN_RANGE_LOOP_ANALYSIS = YES;
				CLANG_WARN_STRICT_PROTOTYPES = YES;
				CLANG_WARN_SUSPICIOUS_MOVE = YES;
				CLANG_WARN_UNGUARDED_AVAILABILITY = YES_AGGRESSIVE;
				CLANG_WARN_UNREACHABLE_CODE = YES;
				CLANG_WARN__DUPLICATE_METHOD_MATCH = YES;
				COPY_PHASE_STRIP = NO;
				DEBUG_INFORMATION_FORMAT = dwarf;
				ENABLE_STRICT_OBJC_MSGSEND = YES;
				ENABLE_TESTABILITY = YES;
				GCC_C_LANGUAGE_STANDARD = gnu11;
				GCC_DYNAMIC_NO_PIC = NO;
				GCC_NO_COMMON_BLOCKS = YES;
				GCC_OPTIMIZATION_LEVEL = 0;
				GCC_PREPROCESSOR_DEFINITIONS = (
					"DEBUG=1",
					"$(inherited)",
				);
				GCC_WARN_64_TO_32_BIT_CONVERSION = YES;
				GCC_WARN_ABOUT_RETURN_TYPE = YES_ERROR;
				GCC_WARN_UNDECLARED_SELECTOR = YES;
				GCC_WARN_UNINITIALIZED_AUTOS = YES_AGGRESSIVE;
				GCC_WARN_UNUSED_FUNCTION = YES;
				GCC_WARN_UNUSED_VARIABLE = YES;
				IPHONEOS_DEPLOYMENT_TARGET = 13.5;
				MTL_ENABLE_DEBUG_INFO = INCLUDE_SOURCE;
				MTL_FAST_MATH = YES;
				ONLY_ACTIVE_ARCH = YES;
				SDKROOT = iphoneos;
				SWIFT_ACTIVE_COMPILATION_CONDITIONS = DEBUG;
				SWIFT_OPTIMIZATION_LEVEL = "-Onone";
			};
			name = Debug;
		};
		558D088424A94C0A0052C1EB /* Release */ = {
			isa = XCBuildConfiguration;
			buildSettings = {
				ALWAYS_SEARCH_USER_PATHS = NO;
				CLANG_ANALYZER_NONNULL = YES;
				CLANG_ANALYZER_NUMBER_OBJECT_CONVERSION = YES_AGGRESSIVE;
				CLANG_CXX_LANGUAGE_STANDARD = "gnu++14";
				CLANG_CXX_LIBRARY = "libc++";
				CLANG_ENABLE_MODULES = YES;
				CLANG_ENABLE_OBJC_ARC = YES;
				CLANG_ENABLE_OBJC_WEAK = YES;
				CLANG_WARN_BLOCK_CAPTURE_AUTORELEASING = YES;
				CLANG_WARN_BOOL_CONVERSION = YES;
				CLANG_WARN_COMMA = YES;
				CLANG_WARN_CONSTANT_CONVERSION = YES;
				CLANG_WARN_DEPRECATED_OBJC_IMPLEMENTATIONS = YES;
				CLANG_WARN_DIRECT_OBJC_ISA_USAGE = YES_ERROR;
				CLANG_WARN_DOCUMENTATION_COMMENTS = YES;
				CLANG_WARN_EMPTY_BODY = YES;
				CLANG_WARN_ENUM_CONVERSION = YES;
				CLANG_WARN_INFINITE_RECURSION = YES;
				CLANG_WARN_INT_CONVERSION = YES;
				CLANG_WARN_NON_LITERAL_NULL_CONVERSION = YES;
				CLANG_WARN_OBJC_IMPLICIT_RETAIN_SELF = YES;
				CLANG_WARN_OBJC_LITERAL_CONVERSION = YES;
				CLANG_WARN_OBJC_ROOT_CLASS = YES_ERROR;
				CLANG_WARN_RANGE_LOOP_ANALYSIS = YES;
				CLANG_WARN_STRICT_PROTOTYPES = YES;
				CLANG_WARN_SUSPICIOUS_MOVE = YES;
				CLANG_WARN_UNGUARDED_AVAILABILITY = YES_AGGRESSIVE;
				CLANG_WARN_UNREACHABLE_CODE = YES;
				CLANG_WARN__DUPLICATE_METHOD_MATCH = YES;
				COPY_PHASE_STRIP = NO;
				DEBUG_INFORMATION_FORMAT = "dwarf-with-dsym";
				ENABLE_NS_ASSERTIONS = NO;
				ENABLE_STRICT_OBJC_MSGSEND = YES;
				GCC_C_LANGUAGE_STANDARD = gnu11;
				GCC_NO_COMMON_BLOCKS = YES;
				GCC_WARN_64_TO_32_BIT_CONVERSION = YES;
				GCC_WARN_ABOUT_RETURN_TYPE = YES_ERROR;
				GCC_WARN_UNDECLARED_SELECTOR = YES;
				GCC_WARN_UNINITIALIZED_AUTOS = YES_AGGRESSIVE;
				GCC_WARN_UNUSED_FUNCTION = YES;
				GCC_WARN_UNUSED_VARIABLE = YES;
				IPHONEOS_DEPLOYMENT_TARGET = 13.5;
				MTL_ENABLE_DEBUG_INFO = NO;
				MTL_FAST_MATH = YES;
				SDKROOT = iphoneos;
				SWIFT_COMPILATION_MODE = wholemodule;
				SWIFT_OPTIMIZATION_LEVEL = "-O";
				VALIDATE_PRODUCT = YES;
			};
			name = Release;
		};
		558D088624A94C0A0052C1EB /* Debug */ = {
			isa = XCBuildConfiguration;
			baseConfigurationReference = 8C2B27E4D1C888184CA0C20A /* Pods-Ervas.debug.xcconfig */;
			buildSettings = {
				ASSETCATALOG_COMPILER_APPICON_NAME = AppIcon;
				CODE_SIGN_STYLE = Automatic;
				DEVELOPMENT_TEAM = C8ULV38G2Z;
				INFOPLIST_FILE = Ervas/Info.plist;
				LD_RUNPATH_SEARCH_PATHS = (
					"$(inherited)",
					"@executable_path/Frameworks",
				);
				PRODUCT_BUNDLE_IDENTIFIER = fernando.Ervas;
				PRODUCT_NAME = "$(TARGET_NAME)";
				SWIFT_VERSION = 5.0;
				TARGETED_DEVICE_FAMILY = "1,2";
			};
			name = Debug;
		};
		558D088724A94C0A0052C1EB /* Release */ = {
			isa = XCBuildConfiguration;
			baseConfigurationReference = 6CABA1DAC56B57F90BA1B98B /* Pods-Ervas.release.xcconfig */;
			buildSettings = {
				ASSETCATALOG_COMPILER_APPICON_NAME = AppIcon;
				CODE_SIGN_STYLE = Automatic;
				DEVELOPMENT_TEAM = C8ULV38G2Z;
				INFOPLIST_FILE = Ervas/Info.plist;
				LD_RUNPATH_SEARCH_PATHS = (
					"$(inherited)",
					"@executable_path/Frameworks",
				);
				PRODUCT_BUNDLE_IDENTIFIER = fernando.Ervas;
				PRODUCT_NAME = "$(TARGET_NAME)";
				SWIFT_VERSION = 5.0;
				TARGETED_DEVICE_FAMILY = "1,2";
			};
			name = Release;
		};
		558D088924A94C0A0052C1EB /* Debug */ = {
			isa = XCBuildConfiguration;
			baseConfigurationReference = 4514F5F72F406E137C89A216 /* Pods-ErvasTests.debug.xcconfig */;
			buildSettings = {
				ALWAYS_EMBED_SWIFT_STANDARD_LIBRARIES = YES;
				BUNDLE_LOADER = "$(TEST_HOST)";
				CODE_SIGN_STYLE = Automatic;
				INFOPLIST_FILE = ErvasTests/Info.plist;
				IPHONEOS_DEPLOYMENT_TARGET = 13.5;
				LD_RUNPATH_SEARCH_PATHS = (
					"$(inherited)",
					"@executable_path/Frameworks",
					"@loader_path/Frameworks",
				);
				PRODUCT_BUNDLE_IDENTIFIER = fernando.ErvasTests;
				PRODUCT_NAME = "$(TARGET_NAME)";
				SWIFT_VERSION = 5.0;
				TARGETED_DEVICE_FAMILY = "1,2";
				TEST_HOST = "$(BUILT_PRODUCTS_DIR)/Ervas.app/Ervas";
			};
			name = Debug;
		};
		558D088A24A94C0A0052C1EB /* Release */ = {
			isa = XCBuildConfiguration;
			baseConfigurationReference = 5FCD0A41F1A9176A3B96453E /* Pods-ErvasTests.release.xcconfig */;
			buildSettings = {
				ALWAYS_EMBED_SWIFT_STANDARD_LIBRARIES = YES;
				BUNDLE_LOADER = "$(TEST_HOST)";
				CODE_SIGN_STYLE = Automatic;
				INFOPLIST_FILE = ErvasTests/Info.plist;
				IPHONEOS_DEPLOYMENT_TARGET = 13.5;
				LD_RUNPATH_SEARCH_PATHS = (
					"$(inherited)",
					"@executable_path/Frameworks",
					"@loader_path/Frameworks",
				);
				PRODUCT_BUNDLE_IDENTIFIER = fernando.ErvasTests;
				PRODUCT_NAME = "$(TARGET_NAME)";
				SWIFT_VERSION = 5.0;
				TARGETED_DEVICE_FAMILY = "1,2";
				TEST_HOST = "$(BUILT_PRODUCTS_DIR)/Ervas.app/Ervas";
			};
			name = Release;
		};
		558D088C24A94C0A0052C1EB /* Debug */ = {
			isa = XCBuildConfiguration;
			baseConfigurationReference = 1EDBF0AC8CBDBC23BF77B5DA /* Pods-Ervas-ErvasUITests.debug.xcconfig */;
			buildSettings = {
				ALWAYS_EMBED_SWIFT_STANDARD_LIBRARIES = YES;
				CODE_SIGN_STYLE = Automatic;
				INFOPLIST_FILE = ErvasUITests/Info.plist;
				LD_RUNPATH_SEARCH_PATHS = (
					"$(inherited)",
					"@executable_path/Frameworks",
					"@loader_path/Frameworks",
				);
				PRODUCT_BUNDLE_IDENTIFIER = fernando.ErvasUITests;
				PRODUCT_NAME = "$(TARGET_NAME)";
				SWIFT_VERSION = 5.0;
				TARGETED_DEVICE_FAMILY = "1,2";
				TEST_TARGET_NAME = Ervas;
			};
			name = Debug;
		};
		558D088D24A94C0A0052C1EB /* Release */ = {
			isa = XCBuildConfiguration;
			baseConfigurationReference = 3747FD4ABA0FDFCB982510EA /* Pods-Ervas-ErvasUITests.release.xcconfig */;
			buildSettings = {
				ALWAYS_EMBED_SWIFT_STANDARD_LIBRARIES = YES;
				CODE_SIGN_STYLE = Automatic;
				INFOPLIST_FILE = ErvasUITests/Info.plist;
				LD_RUNPATH_SEARCH_PATHS = (
					"$(inherited)",
					"@executable_path/Frameworks",
					"@loader_path/Frameworks",
				);
				PRODUCT_BUNDLE_IDENTIFIER = fernando.ErvasUITests;
				PRODUCT_NAME = "$(TARGET_NAME)";
				SWIFT_VERSION = 5.0;
				TARGETED_DEVICE_FAMILY = "1,2";
				TEST_TARGET_NAME = Ervas;
			};
			name = Release;
		};
/* End XCBuildConfiguration section */

/* Begin XCConfigurationList section */
		558D085324A94C080052C1EB /* Build configuration list for PBXProject "Ervas" */ = {
			isa = XCConfigurationList;
			buildConfigurations = (
				558D088324A94C0A0052C1EB /* Debug */,
				558D088424A94C0A0052C1EB /* Release */,
			);
			defaultConfigurationIsVisible = 0;
			defaultConfigurationName = Release;
		};
		558D088524A94C0A0052C1EB /* Build configuration list for PBXNativeTarget "Ervas" */ = {
			isa = XCConfigurationList;
			buildConfigurations = (
				558D088624A94C0A0052C1EB /* Debug */,
				558D088724A94C0A0052C1EB /* Release */,
			);
			defaultConfigurationIsVisible = 0;
			defaultConfigurationName = Release;
		};
		558D088824A94C0A0052C1EB /* Build configuration list for PBXNativeTarget "ErvasTests" */ = {
			isa = XCConfigurationList;
			buildConfigurations = (
				558D088924A94C0A0052C1EB /* Debug */,
				558D088A24A94C0A0052C1EB /* Release */,
			);
			defaultConfigurationIsVisible = 0;
			defaultConfigurationName = Release;
		};
		558D088B24A94C0A0052C1EB /* Build configuration list for PBXNativeTarget "ErvasUITests" */ = {
			isa = XCConfigurationList;
			buildConfigurations = (
				558D088C24A94C0A0052C1EB /* Debug */,
				558D088D24A94C0A0052C1EB /* Release */,
			);
			defaultConfigurationIsVisible = 0;
			defaultConfigurationName = Release;
		};
/* End XCConfigurationList section */

/* Begin XCVersionGroup section */
		558D086424A94C080052C1EB /* Ervas.xcdatamodeld */ = {
			isa = XCVersionGroup;
			children = (
				558D086524A94C080052C1EB /* Ervas.xcdatamodel */,
			);
			currentVersion = 558D086524A94C080052C1EB /* Ervas.xcdatamodel */;
			path = Ervas.xcdatamodeld;
			sourceTree = "<group>";
			versionGroupType = wrapper.xcdatamodel;
		};
/* End XCVersionGroup section */
	};
	rootObject = 558D085024A94C080052C1EB /* Project object */;
}
